
Microsoft Visual Studio Solution File, Format Version 12.00
# Visual Studio Version 17
VisualStudioVersion = 17.10.34916.146
MinimumVisualStudioVersion = 10.0.40219.1
Project("{9A19103F-16F7-4668-BE54-9A1E7A4F7556}") = "BugTracker.WebApplication", "BugTracker.WebApplication\BugTracker.WebApplication.csproj", "{9BFE8D0A-1E68-4AE8-8ADB-5891123CADC6}"
EndProject
Project("{9A19103F-16F7-4668-BE54-9A1E7A4F7556}") = "BugTracker.Domain", "BugTracker.Domain\BugTracker.Domain.csproj", "{E59CD5C6-98C2-4C90-AC71-7FE64BAEB5E2}"
EndProject
Project("{FAE04EC0-301F-11D3-BF4B-00C04F79EFBC}") = "BugTracker.DAL", "BugTracker.DAL\BugTracker.DAL.csproj", "{117FC52C-182C-482B-B626-684D930A8A26}"
EndProject
Global
	GlobalSection(SolutionConfigurationPlatforms) = preSolution
		Debug|Any CPU = Debug|Any CPU
		Release|Any CPU = Release|Any CPU
	EndGlobalSection
	GlobalSection(ProjectConfigurationPlatforms) = postSolution
		{9BFE8D0A-1E68-4AE8-8ADB-5891123CADC6}.Debug|Any CPU.ActiveCfg = Debug|Any CPU
		{9BFE8D0A-1E68-4AE8-8ADB-5891123CADC6}.Debug|Any CPU.Build.0 = Debug|Any CPU
		{9BFE8D0A-1E68-4AE8-8ADB-5891123CADC6}.Release|Any CPU.ActiveCfg = Release|Any CPU
		{9BFE8D0A-1E68-4AE8-8ADB-5891123CADC6}.Release|Any CPU.Build.0 = Release|Any CPU
		{E59CD5C6-98C2-4C90-AC71-7FE64BAEB5E2}.Debug|Any CPU.ActiveCfg = Debug|Any CPU
		{E59CD5C6-98C2-4C90-AC71-7FE64BAEB5E2}.Debug|Any CPU.Build.0 = Debug|Any CPU
		{E59CD5C6-98C2-4C90-AC71-7FE64BAEB5E2}.Release|Any CPU.ActiveCfg = Release|Any CPU
		{E59CD5C6-98C2-4C90-AC71-7FE64BAEB5E2}.Release|Any CPU.Build.0 = Release|Any CPU
		{117FC52C-182C-482B-B626-684D930A8A26}.Debug|Any CPU.ActiveCfg = Debug|Any CPU
		{117FC52C-182C-482B-B626-684D930A8A26}.Debug|Any CPU.Build.0 = Debug|Any CPU
		{117FC52C-182C-482B-B626-684D930A8A26}.Release|Any CPU.ActiveCfg = Release|Any CPU
		{117FC52C-182C-482B-B626-684D930A8A26}.Release|Any CPU.Build.0 = Release|Any CPU
	EndGlobalSection
	GlobalSection(SolutionProperties) = preSolution
		HideSolutionNode = FALSE
	EndGlobalSection
	GlobalSection(ExtensibilityGlobals) = postSolution
		SolutionGuid = {034C2101-EB98-4BDB-ADDF-69228C99DA22}
	EndGlobalSection
EndGlobal
